
Microsoft Visual Studio Solution File, Format Version 12.00
# Visual Studio Version 16
VisualStudioVersion = 16.0.31112.23
MinimumVisualStudioVersion = 10.0.40219.1
Project("{FAE04EC0-301F-11D3-BF4B-00C04F79EFBC}") = "Dogs", "Dogs\Dogs.csproj", "{69D8FD94-1437-4A1F-914D-92118431C4B5}"
EndProject
Project("{FAE04EC0-301F-11D3-BF4B-00C04F79EFBC}") = "DogApi", "DogApi\DogApi.csproj", "{137AA129-F9A7-4D6E-A234-A34D5A231657}"
EndProject
Project("{FAE04EC0-301F-11D3-BF4B-00C04F79EFBC}") = "Dog.Models", "Dog.Models\Dog.Models.csproj", "{BFA86AAA-22B0-4CB9-9AED-2A1F26738B5A}"
EndProject
Global
	GlobalSection(SolutionConfigurationPlatforms) = preSolution
		Debug|Any CPU = Debug|Any CPU
		Release|Any CPU = Release|Any CPU
	EndGlobalSection
	GlobalSection(ProjectConfigurationPlatforms) = postSolution
		{69D8FD94-1437-4A1F-914D-92118431C4B5}.Debug|Any CPU.ActiveCfg = Debug|Any CPU
		{69D8FD94-1437-4A1F-914D-92118431C4B5}.Debug|Any CPU.Build.0 = Debug|Any CPU
		{69D8FD94-1437-4A1F-914D-92118431C4B5}.Release|Any CPU.ActiveCfg = Release|Any CPU
		{69D8FD94-1437-4A1F-914D-92118431C4B5}.Release|Any CPU.Build.0 = Release|Any CPU
		{137AA129-F9A7-4D6E-A234-A34D5A231657}.Debug|Any CPU.ActiveCfg = Debug|Any CPU
		{137AA129-F9A7-4D6E-A234-A34D5A231657}.Debug|Any CPU.Build.0 = Debug|Any CPU
		{137AA129-F9A7-4D6E-A234-A34D5A231657}.Release|Any CPU.ActiveCfg = Release|Any CPU
		{137AA129-F9A7-4D6E-A234-A34D5A231657}.Release|Any CPU.Build.0 = Release|Any CPU
		{BFA86AAA-22B0-4CB9-9AED-2A1F26738B5A}.Debug|Any CPU.ActiveCfg = Debug|Any CPU
		{BFA86AAA-22B0-4CB9-9AED-2A1F26738B5A}.Debug|Any CPU.Build.0 = Debug|Any CPU
		{BFA86AAA-22B0-4CB9-9AED-2A1F26738B5A}.Release|Any CPU.ActiveCfg = Release|Any CPU
		{BFA86AAA-22B0-4CB9-9AED-2A1F26738B5A}.Release|Any CPU.Build.0 = Release|Any CPU
	EndGlobalSection
	GlobalSection(SolutionProperties) = preSolution
		HideSolutionNode = FALSE
	EndGlobalSection
	GlobalSection(ExtensibilityGlobals) = postSolution
		SolutionGuid = {44581D91-2880-49CD-B0DA-6B76CBFF6D3B}
	EndGlobalSection
EndGlobal
